// !$*UTF8*$!
{
	archiveVersion = 1;
	classes = {
	};
	objectVersion = 50;
	objects = {

/* Begin PBXBuildFile section */
		2308186521F5C5D00091EA18 /* Array.cpp in Sources */ = {isa = PBXBuildFile; fileRef = 2308186321F5C5D00091EA18 /* Array.cpp */; };
		2308186821F5C5E50091EA18 /* String.cpp in Sources */ = {isa = PBXBuildFile; fileRef = 2308186621F5C5E50091EA18 /* String.cpp */; };
		2336778D21CE44B0000091AA /* Queue.cpp in Sources */ = {isa = PBXBuildFile; fileRef = 2336778B21CE44B0000091AA /* Queue.cpp */; };
		237B0A36226998D0001A3837 /* Heap.cpp in Sources */ = {isa = PBXBuildFile; fileRef = 237B0A34226998D0001A3837 /* Heap.cpp */; };
		23806CF121C128A6008C1836 /* main.cpp in Sources */ = {isa = PBXBuildFile; fileRef = 23806CF021C128A6008C1836 /* main.cpp */; };
		23A9909E21CBB39500835701 /* BinaryTree.cpp in Sources */ = {isa = PBXBuildFile; fileRef = 23A9909C21CBB39500835701 /* BinaryTree.cpp */; };
		23E8B79921E5E98A00FD446F /* Sort.cpp in Sources */ = {isa = PBXBuildFile; fileRef = 23E8B79721E5E98A00FD446F /* Sort.cpp */; };
		23FEC72321C26A8D008891C9 /* LinkList.cpp in Sources */ = {isa = PBXBuildFile; fileRef = 23FEC72121C26A8D008891C9 /* LinkList.cpp */; };
/* End PBXBuildFile section */

/* Begin PBXCopyFilesBuildPhase section */
		23806CEB21C128A6008C1836 /* CopyFiles */ = {
			isa = PBXCopyFilesBuildPhase;
			buildActionMask = 2147483647;
			dstPath = /usr/share/man/man1/;
			dstSubfolderSpec = 0;
			files = (
			);
			runOnlyForDeploymentPostprocessing = 1;
		};
/* End PBXCopyFilesBuildPhase section */

/* Begin PBXFileReference section */
		2308186321F5C5D00091EA18 /* Array.cpp */ = {isa = PBXFileReference; lastKnownFileType = sourcecode.cpp.cpp; path = Array.cpp; sourceTree = "<group>"; };
		2308186421F5C5D00091EA18 /* Array.hpp */ = {isa = PBXFileReference; lastKnownFileType = sourcecode.cpp.h; path = Array.hpp; sourceTree = "<group>"; };
		2308186621F5C5E50091EA18 /* String.cpp */ = {isa = PBXFileReference; lastKnownFileType = sourcecode.cpp.cpp; path = String.cpp; sourceTree = "<group>"; };
		2308186721F5C5E50091EA18 /* String.hpp */ = {isa = PBXFileReference; lastKnownFileType = sourcecode.cpp.h; path = String.hpp; sourceTree = "<group>"; };
		2336778B21CE44B0000091AA /* Queue.cpp */ = {isa = PBXFileReference; lastKnownFileType = sourcecode.cpp.cpp; path = Queue.cpp; sourceTree = "<group>"; };
		2336778C21CE44B0000091AA /* Queue.hpp */ = {isa = PBXFileReference; lastKnownFileType = sourcecode.cpp.h; path = Queue.hpp; sourceTree = "<group>"; };
		237B0A34226998D0001A3837 /* Heap.cpp */ = {isa = PBXFileReference; lastKnownFileType = sourcecode.cpp.cpp; path = Heap.cpp; sourceTree = "<group>"; };
		237B0A35226998D0001A3837 /* Heap.hpp */ = {isa = PBXFileReference; lastKnownFileType = sourcecode.cpp.h; path = Heap.hpp; sourceTree = "<group>"; };
		23806CED21C128A6008C1836 /* FastAlgorithm */ = {isa = PBXFileReference; explicitFileType = "compiled.mach-o.executable"; includeInIndex = 0; path = FastAlgorithm; sourceTree = BUILT_PRODUCTS_DIR; };
		23806CF021C128A6008C1836 /* main.cpp */ = {isa = PBXFileReference; lastKnownFileType = sourcecode.cpp.cpp; path = main.cpp; sourceTree = "<group>"; };
		23A9909C21CBB39500835701 /* BinaryTree.cpp */ = {isa = PBXFileReference; lastKnownFileType = sourcecode.cpp.cpp; path = BinaryTree.cpp; sourceTree = "<group>"; };
		23A9909D21CBB39500835701 /* BinaryTree.hpp */ = {isa = PBXFileReference; lastKnownFileType = sourcecode.cpp.h; path = BinaryTree.hpp; sourceTree = "<group>"; };
		23E8B79721E5E98A00FD446F /* Sort.cpp */ = {isa = PBXFileReference; lastKnownFileType = sourcecode.cpp.cpp; path = Sort.cpp; sourceTree = "<group>"; };
		23E8B79821E5E98A00FD446F /* Sort.hpp */ = {isa = PBXFileReference; lastKnownFileType = sourcecode.cpp.h; path = Sort.hpp; sourceTree = "<group>"; };
		23FEC72121C26A8D008891C9 /* LinkList.cpp */ = {isa = PBXFileReference; lastKnownFileType = sourcecode.cpp.cpp; path = LinkList.cpp; sourceTree = "<group>"; };
		23FEC72221C26A8D008891C9 /* LinkList.hpp */ = {isa = PBXFileReference; lastKnownFileType = sourcecode.cpp.h; path = LinkList.hpp; sourceTree = "<group>"; };
/* End PBXFileReference section */

/* Begin PBXFrameworksBuildPhase section */
		23806CEA21C128A6008C1836 /* Frameworks */ = {
			isa = PBXFrameworksBuildPhase;
			buildActionMask = 2147483647;
			files = (
			);
			runOnlyForDeploymentPostprocessing = 0;
		};
/* End PBXFrameworksBuildPhase section */

/* Begin PBXGroup section */
		23806CE421C128A6008C1836 = {
			isa = PBXGroup;
			children = (
				23806CEF21C128A6008C1836 /* FastAlgorithm */,
				23806CEE21C128A6008C1836 /* Products */,
			);
			sourceTree = "<group>";
		};
		23806CEE21C128A6008C1836 /* Products */ = {
			isa = PBXGroup;
			children = (
				23806CED21C128A6008C1836 /* FastAlgorithm */,
			);
			name = Products;
			sourceTree = "<group>";
		};
		23806CEF21C128A6008C1836 /* FastAlgorithm */ = {
			isa = PBXGroup;
			children = (
				23806CF021C128A6008C1836 /* main.cpp */,
				23FEC72121C26A8D008891C9 /* LinkList.cpp */,
				23FEC72221C26A8D008891C9 /* LinkList.hpp */,
				2308186321F5C5D00091EA18 /* Array.cpp */,
				2308186421F5C5D00091EA18 /* Array.hpp */,
				23A9909C21CBB39500835701 /* BinaryTree.cpp */,
				23A9909D21CBB39500835701 /* BinaryTree.hpp */,
				237B0A34226998D0001A3837 /* Heap.cpp */,
				237B0A35226998D0001A3837 /* Heap.hpp */,
				2336778B21CE44B0000091AA /* Queue.cpp */,
				2336778C21CE44B0000091AA /* Queue.hpp */,
				23E8B79721E5E98A00FD446F /* Sort.cpp */,
				23E8B79821E5E98A00FD446F /* Sort.hpp */,
				2308186621F5C5E50091EA18 /* String.cpp */,
				2308186721F5C5E50091EA18 /* String.hpp */,
			);
			path = FastAlgorithm;
			sourceTree = "<group>";
		};
/* End PBXGroup section */

/* Begin PBXNativeTarget section */
		23806CEC21C128A6008C1836 /* FastAlgorithm */ = {
			isa = PBXNativeTarget;
			buildConfigurationList = 23806CF421C128A6008C1836 /* Build configuration list for PBXNativeTarget "FastAlgorithm" */;
			buildPhases = (
				23806CE921C128A6008C1836 /* Sources */,
				23806CEA21C128A6008C1836 /* Frameworks */,
				23806CEB21C128A6008C1836 /* CopyFiles */,
			);
			buildRules = (
			);
			dependencies = (
			);
			name = FastAlgorithm;
			productName = FastAlgorithm;
			productReference = 23806CED21C128A6008C1836 /* FastAlgorithm */;
			productType = "com.apple.product-type.tool";
		};
/* End PBXNativeTarget section */

/* Begin PBXProject section */
		23806CE521C128A6008C1836 /* Project object */ = {
			isa = PBXProject;
			attributes = {
				LastUpgradeCheck = 1010;
				ORGANIZATIONNAME = 2dfire;
				TargetAttributes = {
					23806CEC21C128A6008C1836 = {
						CreatedOnToolsVersion = 10.1;
					};
				};
			};
			buildConfigurationList = 23806CE821C128A6008C1836 /* Build configuration list for PBXProject "FastAlgorithm" */;
			compatibilityVersion = "Xcode 9.3";
			developmentRegion = en;
			hasScannedForEncodings = 0;
			knownRegions = (
				en,
			);
			mainGroup = 23806CE421C128A6008C1836;
			productRefGroup = 23806CEE21C128A6008C1836 /* Products */;
			projectDirPath = "";
			projectRoot = "";
			targets = (
				23806CEC21C128A6008C1836 /* FastAlgorithm */,
			);
		};
/* End PBXProject section */

/* Begin PBXSourcesBuildPhase section */
		23806CE921C128A6008C1836 /* Sources */ = {
			isa = PBXSourcesBuildPhase;
			buildActionMask = 2147483647;
			files = (
				23806CF121C128A6008C1836 /* main.cpp in Sources */,
				23FEC72321C26A8D008891C9 /* LinkList.cpp in Sources */,
				2308186821F5C5E50091EA18 /* String.cpp in Sources */,
				23A9909E21CBB39500835701 /* BinaryTree.cpp in Sources */,
				2336778D21CE44B0000091AA /* Queue.cpp in Sources */,
				23E8B79921E5E98A00FD446F /* Sort.cpp in Sources */,
				2308186521F5C5D00091EA18 /* Array.cpp in Sources */,
				237B0A36226998D0001A3837 /* Heap.cpp in Sources */,
			);
			runOnlyForDeploymentPostprocessing = 0;
		};
/* End PBXSourcesBuildPhase section */

/* Begin XCBuildConfiguration section */
		23806CF221C128A6008C1836 /* Debug */ = {
			isa = XCBuildConfiguration;
			buildSettings = {
				ALWAYS_SEARCH_USER_PATHS = NO;
				CLANG_ANALYZER_NONNULL = YES;
				CLANG_ANALYZER_NUMBER_OBJECT_CONVERSION = YES_AGGRESSIVE;
				CLANG_CXX_LANGUAGE_STANDARD = "gnu++14";
				CLANG_CXX_LIBRARY = "libc++";
				CLANG_ENABLE_MODULES = YES;
				CLANG_ENABLE_OBJC_ARC = YES;
				CLANG_ENABLE_OBJC_WEAK = YES;
				CLANG_WARN_BLOCK_CAPTURE_AUTORELEASING = YES;
				CLANG_WARN_BOOL_CONVERSION = YES;
				CLANG_WARN_COMMA = YES;
				CLANG_WARN_CONSTANT_CONVERSION = YES;
				CLANG_WARN_DEPRECATED_OBJC_IMPLEMENTATIONS = YES;
				CLANG_WARN_DIRECT_OBJC_ISA_USAGE = YES_ERROR;
				CLANG_WARN_DOCUMENTATION_COMMENTS = YES;
				CLANG_WARN_EMPTY_BODY = YES;
				CLANG_WARN_ENUM_CONVERSION = YES;
				CLANG_WARN_INFINITE_RECURSION = YES;
				CLANG_WARN_INT_CONVERSION = YES;
				CLANG_WARN_NON_LITERAL_NULL_CONVERSION = YES;
				CLANG_WARN_OBJC_IMPLICIT_RETAIN_SELF = YES;
				CLANG_WARN_OBJC_LITERAL_CONVERSION = YES;
				CLANG_WARN_OBJC_ROOT_CLASS = YES_ERROR;
				CLANG_WARN_RANGE_LOOP_ANALYSIS = YES;
				CLANG_WARN_STRICT_PROTOTYPES = YES;
				CLANG_WARN_SUSPICIOUS_MOVE = YES;
				CLANG_WARN_UNGUARDED_AVAILABILITY = YES_AGGRESSIVE;
				CLANG_WARN_UNREACHABLE_CODE = YES;
				CLANG_WARN__DUPLICATE_METHOD_MATCH = YES;
				CODE_SIGN_IDENTITY = "-";
				COPY_PHASE_STRIP = NO;
				DEBUG_INFORMATION_FORMAT = dwarf;
				ENABLE_STRICT_OBJC_MSGSEND = YES;
				ENABLE_TESTABILITY = YES;
				GCC_C_LANGUAGE_STANDARD = gnu11;
				GCC_DYNAMIC_NO_PIC = NO;
				GCC_NO_COMMON_BLOCKS = YES;
				GCC_OPTIMIZATION_LEVEL = 0;
				GCC_PREPROCESSOR_DEFINITIONS = (
					"DEBUG=1",
					"$(inherited)",
				);
				GCC_WARN_64_TO_32_BIT_CONVERSION = YES;
				GCC_WARN_ABOUT_RETURN_TYPE = YES_ERROR;
				GCC_WARN_UNDECLARED_SELECTOR = YES;
				GCC_WARN_UNINITIALIZED_AUTOS = YES_AGGRESSIVE;
				GCC_WARN_UNUSED_FUNCTION = YES;
				GCC_WARN_UNUSED_VARIABLE = YES;
				MACOSX_DEPLOYMENT_TARGET = 10.13;
				MTL_ENABLE_DEBUG_INFO = INCLUDE_SOURCE;
				MTL_FAST_MATH = YES;
				ONLY_ACTIVE_ARCH = YES;
				SDKROOT = macosx;
			};
			name = Debug;
		};
		23806CF321C128A6008C1836 /* Release */ = {
			isa = XCBuildConfiguration;
			buildSettings = {
				ALWAYS_SEARCH_USER_PATHS = NO;
				CLANG_ANALYZER_NONNULL = YES;
				CLANG_ANALYZER_NUMBER_OBJECT_CONVERSION = YES_AGGRESSIVE;
				CLANG_CXX_LANGUAGE_STANDARD = "gnu++14";
				CLANG_CXX_LIBRARY = "libc++";
				CLANG_ENABLE_MODULES = YES;
				CLANG_ENABLE_OBJC_ARC = YES;
				CLANG_ENABLE_OBJC_WEAK = YES;
				CLANG_WARN_BLOCK_CAPTURE_AUTORELEASING = YES;
				CLANG_WARN_BOOL_CONVERSION = YES;
				CLANG_WARN_COMMA = YES;
				CLANG_WARN_CONSTANT_CONVERSION = YES;
				CLANG_WARN_DEPRECATED_OBJC_IMPLEMENTATIONS = YES;
				CLANG_WARN_DIRECT_OBJC_ISA_USAGE = YES_ERROR;
				CLANG_WARN_DOCUMENTATION_COMMENTS = YES;
				CLANG_WARN_EMPTY_BODY = YES;
				CLANG_WARN_ENUM_CONVERSION = YES;
				CLANG_WARN_INFINITE_RECURSION = YES;
				CLANG_WARN_INT_CONVERSION = YES;
				CLANG_WARN_NON_LITERAL_NULL_CONVERSION = YES;
				CLANG_WARN_OBJC_IMPLICIT_RETAIN_SELF = YES;
				CLANG_WARN_OBJC_LITERAL_CONVERSION = YES;
				CLANG_WARN_OBJC_ROOT_CLASS = YES_ERROR;
				CLANG_WARN_RANGE_LOOP_ANALYSIS = YES;
				CLANG_WARN_STRICT_PROTOTYPES = YES;
				CLANG_WARN_SUSPICIOUS_MOVE = YES;
				CLANG_WARN_UNGUARDED_AVAILABILITY = YES_AGGRESSIVE;
				CLANG_WARN_UNREACHABLE_CODE = YES;
				CLANG_WARN__DUPLICATE_METHOD_MATCH = YES;
				CODE_SIGN_IDENTITY = "-";
				COPY_PHASE_STRIP = NO;
				DEBUG_INFORMATION_FORMAT = "dwarf-with-dsym";
				ENABLE_NS_ASSERTIONS = NO;
				ENABLE_STRICT_OBJC_MSGSEND = YES;
				GCC_C_LANGUAGE_STANDARD = gnu11;
				GCC_NO_COMMON_BLOCKS = YES;
				GCC_WARN_64_TO_32_BIT_CONVERSION = YES;
				GCC_WARN_ABOUT_RETURN_TYPE = YES_ERROR;
				GCC_WARN_UNDECLARED_SELECTOR = YES;
				GCC_WARN_UNINITIALIZED_AUTOS = YES_AGGRESSIVE;
				GCC_WARN_UNUSED_FUNCTION = YES;
				GCC_WARN_UNUSED_VARIABLE = YES;
				MACOSX_DEPLOYMENT_TARGET = 10.13;
				MTL_ENABLE_DEBUG_INFO = NO;
				MTL_FAST_MATH = YES;
				SDKROOT = macosx;
			};
			name = Release;
		};
		23806CF521C128A6008C1836 /* Debug */ = {
			isa = XCBuildConfiguration;
			buildSettings = {
				CODE_SIGN_STYLE = Automatic;
				PRODUCT_NAME = "$(TARGET_NAME)";
			};
			name = Debug;
		};
		23806CF621C128A6008C1836 /* Release */ = {
			isa = XCBuildConfiguration;
			buildSettings = {
				CODE_SIGN_STYLE = Automatic;
				PRODUCT_NAME = "$(TARGET_NAME)";
			};
			name = Release;
		};
/* End XCBuildConfiguration section */

/* Begin XCConfigurationList section */
		23806CE821C128A6008C1836 /* Build configuration list for PBXProject "FastAlgorithm" */ = {
			isa = XCConfigurationList;
			buildConfigurations = (
				23806CF221C128A6008C1836 /* Debug */,
				23806CF321C128A6008C1836 /* Release */,
			);
			defaultConfigurationIsVisible = 0;
			defaultConfigurationName = Release;
		};
		23806CF421C128A6008C1836 /* Build configuration list for PBXNativeTarget "FastAlgorithm" */ = {
			isa = XCConfigurationList;
			buildConfigurations = (
				23806CF521C128A6008C1836 /* Debug */,
				23806CF621C128A6008C1836 /* Release */,
			);
			defaultConfigurationIsVisible = 0;
			defaultConfigurationName = Release;
		};
/* End XCConfigurationList section */
	};
	rootObject = 23806CE521C128A6008C1836 /* Project object */;
}
